
Microsoft Visual Studio Solution File, Format Version 12.00
# Visual Studio Version 17
VisualStudioVersion = 17.8.34309.116
MinimumVisualStudioVersion = 10.0.40219.1
Project("{FAE04EC0-301F-11D3-BF4B-00C04F79EFBC}") = "ConsoleApp2", "ConsoleApp2\ConsoleApp2.csproj", "{AE7368AF-EFDE-4E5A-9A6F-078837B61F42}"
EndProject
Global
	GlobalSection(SolutionConfigurationPlatforms) = preSolution
		Debug|Any CPU = Debug|Any CPU
		Release|Any CPU = Release|Any CPU
	EndGlobalSection
	GlobalSection(ProjectConfigurationPlatforms) = postSolution
		{AE7368AF-EFDE-4E5A-9A6F-078837B61F42}.Debug|Any CPU.ActiveCfg = Debug|Any CPU
		{AE7368AF-EFDE-4E5A-9A6F-078837B61F42}.Debug|Any CPU.Build.0 = Debug|Any CPU
		{AE7368AF-EFDE-4E5A-9A6F-078837B61F42}.Release|Any CPU.ActiveCfg = Release|Any CPU
		{AE7368AF-EFDE-4E5A-9A6F-078837B61F42}.Release|Any CPU.Build.0 = Release|Any CPU
	EndGlobalSection
	GlobalSection(SolutionProperties) = preSolution
		HideSolutionNode = FALSE
	EndGlobalSection
	GlobalSection(ExtensibilityGlobals) = postSolution
		SolutionGuid = {2218BC04-B87E-44F4-B542-EC124C12DB73}
	EndGlobalSection
EndGlobal
